
Microsoft Visual Studio Solution File, Format Version 12.00
# Visual Studio Version 17
VisualStudioVersion = 17.11.35303.130
MinimumVisualStudioVersion = 10.0.40219.1
Project("{FAE04EC0-301F-11D3-BF4B-00C04F79EFBC}") = "NetSyllable", "NetSyllable.csproj", "{02833682-6228-4599-99E8-E8BD0696E37F}"
EndProject
Global
	GlobalSection(SolutionConfigurationPlatforms) = preSolution
		Debug|Any CPU = Debug|Any CPU
		Release|Any CPU = Release|Any CPU
	EndGlobalSection
	GlobalSection(ProjectConfigurationPlatforms) = postSolution
		{02833682-6228-4599-99E8-E8BD0696E37F}.Debug|Any CPU.ActiveCfg = Debug|Any CPU
		{02833682-6228-4599-99E8-E8BD0696E37F}.Debug|Any CPU.Build.0 = Debug|Any CPU
		{02833682-6228-4599-99E8-E8BD0696E37F}.Release|Any CPU.ActiveCfg = Release|Any CPU
		{02833682-6228-4599-99E8-E8BD0696E37F}.Release|Any CPU.Build.0 = Release|Any CPU
	EndGlobalSection
	GlobalSection(SolutionProperties) = preSolution
		HideSolutionNode = FALSE
	EndGlobalSection
	GlobalSection(ExtensibilityGlobals) = postSolution
		SolutionGuid = {F1B7A7D3-CABB-4439-A8F8-E10AF45D0329}
	EndGlobalSection
EndGlobal
